gom 'github.com/zenazn/goji', :commit => '4d7077956293261309684d3cf1af673f773c6819'
gom 'github.com/go-sql-driver/mysql', :commit => '9dee4ca50b83acdf57a35fb9e6fb4be640afa2f3'
gom 'github.com/flosch/pongo2', :commit => '1d0f0d3af150c4a65dfd424d742f7374819e7d29'
gom 'github.com/flosch/pongo2-addons', :commit => 'ada12dc6c96e991171ac7425c1e5b82dce4afd7f'
gom 'github.com/goji/param', :commit => 'd7f49fd7d1ed53fd562e737a8b5bbcc7e3d925e2'
gom 'golang.org/x/crypto/bcrypt', :commit => 'cbc3d0884eac986df6e78a039b8792e869bff863'
gom 'bitbucket.org/liamstask/goose/cmd/goose', :commit => '8488cc47d90c8a502b1c41a462a6d9cc8ee0a895'
gom 'github.com/gorilla/sessions', :commit => 'ba78acc856fe7c79891d516131b3d903cc8d9367'
gom 'golang.org/x/oauth2', :commit => 'a6bd8cefa1811bd24b86f8902872e4e8225f74c4'
gom 'github.com/google/go-github/github', :commit => 'de33c46a823d3f723514fc5333b75ef2e937b7df'
gom 'github.com/onsi/ginkgo/ginkgo', :commit => 'f40a49d81e5c12e90400620b6242fb29a8e7c9d9'
gom 'github.com/onsi/gomega', :commit => '9b8c753e8dfb382618ba8fa19b4197b5dcb0434c'
gom 'github.com/Sirupsen/logrus', :commit => '10f801ebc38b33738c9d17d50860f484a0988ff5'
gom 'gopkg.in/yaml.v2', :commit => 'cd8b52f8269e0feb286dfeef29f8fe4d5b397e0b'
gom 'github.com/johntdyer/slackrus', :commit => '9c71df2f4ceb8d8b0bbb12c65c56a8e03e34adba'
gom 'github.com/PuerkitoBio/goquery', :commit => 'ed7d758e9a34ba1f55e8084e0d731448b46921a8'
gom 'github.com/aws/aws-sdk-go/aws', :commit => 'baba9e786eae5ba978f2007f8e718557b29157c8'
gom 'github.com/aws/aws-sdk-go/aws/session', :commit => 'baba9e786eae5ba978f2007f8e718557b29157c8'
gom 'github.com/aws/aws-sdk-go/service/ses', :commit => 'baba9e786eae5ba978f2007f8e718557b29157c8'
gom 'github.com/goji/glogrus', :commit => '92ccdaf5e752d8c8d61733f574a9f637c5b2d40c'
gom 'github.com/pkg/errors', :commit => '645ef00459ed84a119197bfb8d8205042c6df63d', :tag => 'v0.8.0'
gom 'github.com/asaskevich/govalidator', :commit => '2c14e1cca90af49b3b21fe2d7aaa8cc7f9da2ff8'
gom 'github.com/rs/cors', :commit => 'a62a804a8a009876ca59105f7899938a1349f4b3'
gom 'github.com/spf13/cobra/cobra', :commit => '5deb57bbca49eb370538fc295ba4b2988f9f5e09'
