gom 'github.com/zenazn/goji', :commit => '64eb34159fe53473206c2b3e70fe396a639452f2'
gom 'github.com/go-sql-driver/mysql', :commit => '3654d25ec346ee8ce71a68431025458d52a38ac0'
gom 'github.com/flosch/pongo2', :commit => '7f5515449ea9bbeb00256d9cbb654c556e7d0146'
gom 'github.com/flosch/pongo2-addons', :commit => 'bb4da1901facc08b4edd9261050143b95e36d0a1'
gom 'github.com/goji/param', :commit => '0b4aa9fcd96f890c0ae685fc425d85b80a7bed52'
gom 'golang.org/x/crypto/bcrypt', :commit => 'f3241ce8505855877cc8a9717bd61a0f7c4ea83c'
gom 'bitbucket.org/liamstask/goose/cmd/goose', :commit => '8488cc47d90c8a502b1c41a462a6d9cc8ee0a895'
gom 'github.com/gorilla/sessions', :commit => '56ba4b0a11da87516629a57408a5f7e4c8ea7b0b'
gom 'golang.org/x/oauth2', :commit => '65a8d08c6292395d47053be10b3c5e91960def76'
gom 'github.com/google/go-github/github', :branch => 'master', :commit => '07995e49c22dcb1e372c88ff12793b0194433e1c'
gom 'github.com/onsi/ginkgo/ginkgo', :commit => '059cec02d342bab423425a99b191186a03255e9e'
gom 'github.com/onsi/gomega', :commit => '3e93f011213c200aadafcb19ed56eb718381cfbd'
gom 'github.com/Sirupsen/logrus', :commit => 'f3cfb454f4c209e6668c95216c4744b8fddb2356'
gom 'gopkg.in/yaml.v2', :commit => 'a83829b6f1293c91addabc89d0571c246397bbf4'
gom 'github.com/johntdyer/slackrus', :commit => 'e2f91fbc69b731f9dd08f34106d7438fc47f680b'
gom 'github.com/PuerkitoBio/goquery', :commit => '77cbaef46a3af185a3afb87f88a366f3dee2a904'
gom 'golang.org/x/crypto/ssh', :commit => 'f3241ce8505855877cc8a9717bd61a0f7c4ea83c'
gom 'golang.org/x/crypto/ssh/agent', :commit => 'f3241ce8505855877cc8a9717bd61a0f7c4ea83c'
gom 'github.com/aws/aws-sdk-go/aws', :commit => 'd3b6d25135b4e09ecd39ea3c2a5cad35279b0515'
gom 'github.com/aws/aws-sdk-go/aws/session', :commit => 'd3b6d25135b4e09ecd39ea3c2a5cad35279b0515'
gom 'github.com/aws/aws-sdk-go/service/ses', :commit => 'd3b6d25135b4e09ecd39ea3c2a5cad35279b0515'
gom 'github.com/goji/glogrus', :commit => '92ccdaf5e752d8c8d61733f574a9f637c5b2d40c'
gom 'github.com/pkg/errors', :commit => '2c9da72fa5f1276dd941f6c3e37580dfbc69d85d', :tag => 'v0.6.0'
gom 'github.com/asaskevich/govalidator', :commit => 'df81827fdd59d8b4fb93d8910b286ab7a3919520'
gom 'github.com/rs/cors', :commit => 'a62a804a8a009876ca59105f7899938a1349f4b3'
