gom 'github.com/zenazn/goji', :commit => '4d7077956293261309684d3cf1af673f773c6819'
gom 'github.com/go-sql-driver/mysql', :commit => '665b83488b90b902ce0a305ef6652e599771cdf9'
gom 'github.com/flosch/pongo2', :commit => '22499f94d3d56c7238591344a6902715d0b8fbbf'
gom 'github.com/flosch/pongo2-addons', :commit => 'bb4da1901facc08b4edd9261050143b95e36d0a1'
gom 'github.com/goji/param', :commit => 'd7f49fd7d1ed53fd562e737a8b5bbcc7e3d925e2'
gom 'golang.org/x/crypto/bcrypt', :commit => 'ede567c8e044a5913dad1d1af3696d9da953104c'
gom 'bitbucket.org/liamstask/goose/cmd/goose', :commit => '8488cc47d90c8a502b1c41a462a6d9cc8ee0a895'
gom 'github.com/gorilla/sessions', :commit => 'ca9ada44574153444b00d3fd9c8559e4cc95f896'
gom 'golang.org/x/oauth2', :commit => 'd5040cddfc0da40b408c9a1da4728662435176a9'
gom 'github.com/google/go-github/github', :commit => 'd4f1b2d029be1730fd349ca929cc9c0da4a27007'
gom 'github.com/onsi/ginkgo/ginkgo', :commit => '00054c0bb96fc880d4e0be1b90937fad438c5290'
gom 'github.com/onsi/gomega', :commit => 'f1f0f388b31eca4e2cbe7a6dd8a3a1dfddda5b1c'
gom 'github.com/Sirupsen/logrus', :commit => 'a437dfd2463eaedbec3dfe443e477d3b0a810b3f'
gom 'gopkg.in/yaml.v2', :commit => 'a5b47d31c556af34a302ce5d659e6fea44d90de0'
gom 'github.com/johntdyer/slackrus', :commit => '9c71df2f4ceb8d8b0bbb12c65c56a8e03e34adba'
gom 'github.com/PuerkitoBio/goquery', :commit => '152b1a2c8f5d0340f658bb656032a39b94e52958'
gom 'golang.org/x/crypto/ssh', :commit => 'ede567c8e044a5913dad1d1af3696d9da953104c'
gom 'golang.org/x/crypto/ssh/agent', :commit => 'ede567c8e044a5913dad1d1af3696d9da953104c'
gom 'github.com/aws/aws-sdk-go/aws', :commit => '92ed7a76d078fc5b792a3b5c834274c8dc89d10a'
gom 'github.com/aws/aws-sdk-go/aws/session', :commit => '92ed7a76d078fc5b792a3b5c834274c8dc89d10a'
gom 'github.com/aws/aws-sdk-go/service/ses', :commit => '92ed7a76d078fc5b792a3b5c834274c8dc89d10a'
gom 'github.com/goji/glogrus', :commit => '92ccdaf5e752d8c8d61733f574a9f637c5b2d40c'
gom 'github.com/pkg/errors', :commit => '2c9da72fa5f1276dd941f6c3e37580dfbc69d85d', :tag => 'v0.6.0'
gom 'github.com/asaskevich/govalidator', :commit => '7b3beb6df3c42abd3509abfc3bcacc0fbfb7c877'
gom 'github.com/rs/cors', :commit => 'a62a804a8a009876ca59105f7899938a1349f4b3'
gom 'github.com/spf13/cobra/cobra', :commit => '9495bc009a56819bdb0ddbc1a373e29c140bc674'
